// !$*UTF8*$!
{
	archiveVersion = 1;
	classes = {
	};
	objectVersion = 77;
	objects = {

/* Begin PBXBuildFile section */
		069151337FFE226C28F11F9B /* GRDB in Frameworks */ = {isa = PBXBuildFile; productRef = 27E34DAA506E338FF9F94FEC /* GRDB */; };
		0AEFC842C04D908AD983F923 /* StatCard.swift in Sources */ = {isa = PBXBuildFile; fileRef = 0E28340114CBA42F62AC2036 /* StatCard.swift */; };
		D365519AE77B45D28E78EB27 /* LoadingView.swift in Sources */ = {isa = PBXBuildFile; fileRef = 651B9032E1CD466584241743 /* LoadingView.swift */; };
		0E4DC056C6AEACD3661A2CEB /* UserProfile.swift in Sources */ = {isa = PBXBuildFile; fileRef = 794AA663C1D747A4CBD1F1F8 /* UserProfile.swift */; };
		1D72F456BC4AB81A4E57DFA9 /* ChartSection.swift in Sources */ = {isa = PBXBuildFile; fileRef = 36A831170CFCE5F988D71D52 /* ChartSection.swift */; };
		1DED2FDF6D50FB1AE904FAF7 /* MacroTargetBars.swift in Sources */ = {isa = PBXBuildFile; fileRef = C890FF1E3E29294AF1127708 /* MacroTargetBars.swift */; };
		2F9EC40997F9C70B7F5F2B3C /* SyncService.swift in Sources */ = {isa = PBXBuildFile; fileRef = DDBADB380EABF1E2C8BB7B4A /* SyncService.swift */; };
		335268A22271CA5F87AFC9FC /* PostWorkoutChart.swift in Sources */ = {isa = PBXBuildFile; fileRef = DE4B7FE49D66FBD40C24E5A5 /* PostWorkoutChart.swift */; };
		34EE46D9A56F50CA9162CF32 /* HealthKitService.swift in Sources */ = {isa = PBXBuildFile; fileRef = 4DC37B3E5BA040B22839E562 /* HealthKitService.swift */; };
		390F99B234AF887BEF397DCC /* HealthRecordStore.swift in Sources */ = {isa = PBXBuildFile; fileRef = 8DE3A72383978029E7978A9C /* HealthRecordStore.swift */; };
		3EE44748ACD0B4DDCF7A3E5F /* UserProfileStore.swift in Sources */ = {isa = PBXBuildFile; fileRef = 82FFFE891557D7354E0C7655 /* UserProfileStore.swift */; };
		44544795CBC544966A279A4D /* DashboardView.swift in Sources */ = {isa = PBXBuildFile; fileRef = A9913FDE3DBD846B7B2FB2DB /* DashboardView.swift */; };
		4AE6DF1B7C3690C6C0F7362B /* HealthCoachApp.swift in Sources */ = {isa = PBXBuildFile; fileRef = 6CE65054968AC06A5480119E /* HealthCoachApp.swift */; };
		58D3A421E67C734BB7263DE9 /* NutritionSnapshot.swift in Sources */ = {isa = PBXBuildFile; fileRef = 3F7FFF2A324934F284ED1661 /* NutritionSnapshot.swift */; };
		5EABD1A6B02137423F8B4D78 /* Workout.swift in Sources */ = {isa = PBXBuildFile; fileRef = 57C3E31D21AAAF2ACE697E5C /* Workout.swift */; };
		60C465019E31D74F1E984BB4 /* NutritionChartDateAxisLabel.swift in Sources */ = {isa = PBXBuildFile; fileRef = 6E1954EEE68E0C5535CEC538 /* NutritionChartDateAxisLabel.swift */; };
		632ACAC9731EB421D0D19EA0 /* CalorieBalanceChart.swift in Sources */ = {isa = PBXBuildFile; fileRef = 8DB75C069519306B921C3F92 /* CalorieBalanceChart.swift */; };
		67E0B675C11AFCF678A41B1B /* PreWorkoutChart.swift in Sources */ = {isa = PBXBuildFile; fileRef = BF8E8CE6C8D71B4FD079F7F4 /* PreWorkoutChart.swift */; };
		6ADA06AAAF79C8DA7395ABB1 /* NutritionConstants.swift in Sources */ = {isa = PBXBuildFile; fileRef = 261173536B5889CD29ECF1BA /* NutritionConstants.swift */; };
		6E5BFD94A216EA3F8B132D7C /* NutritionPreferencesView.swift in Sources */ = {isa = PBXBuildFile; fileRef = ED4CFCDE98A349DCC343CBF3 /* NutritionPreferencesView.swift */; };
		6F44F2BE1228DD4073BEA093 /* ExerciseTemplate.swift in Sources */ = {isa = PBXBuildFile; fileRef = EE8DBD7995D793ABE2CCEF34 /* ExerciseTemplate.swift */; };
		757B3D40D777DCB0F20E4D96 /* ChartSectionMarkdownTheme.swift in Sources */ = {isa = PBXBuildFile; fileRef = 5D316CCE23CCCA6DE67CD377 /* ChartSectionMarkdownTheme.swift */; };
		7B44D572738FCA1A7B73CA92 /* TrainingVolumeTargetsView.swift in Sources */ = {isa = PBXBuildFile; fileRef = A59963832199692B6715D3DA /* TrainingVolumeTargetsView.swift */; };
		898A43DFCFCF613AF22F2417 /* NutritionKPIGrid.swift in Sources */ = {isa = PBXBuildFile; fileRef = 09B425B812F96172135C2025 /* NutritionKPIGrid.swift */; };
		8DD3CF3F733D663B34C73E13 /* WeightTrendsChart.swift in Sources */ = {isa = PBXBuildFile; fileRef = 117B2748DF7E84E162D871DC /* WeightTrendsChart.swift */; };
		A07683FB6AE5A7EA3908BDBF /* NutritionDescriptions.swift in Sources */ = {isa = PBXBuildFile; fileRef = 31C2077449C057989F19B6EF /* NutritionDescriptions.swift */; };
		A37E055CDB873772F3D2538D /* PersonalSettingsView.swift in Sources */ = {isa = PBXBuildFile; fileRef = B44098546A0278A074F950A8 /* PersonalSettingsView.swift */; };
		B47C19BFF5EB4B66FB39236F /* WorkoutSet.swift in Sources */ = {isa = PBXBuildFile; fileRef = 90B1C0BDC29D1FC8C7968E54 /* WorkoutSet.swift */; };
		B65DAF9DAAD427C6CEF0031F /* NutritionChartAxisMetrics.swift in Sources */ = {isa = PBXBuildFile; fileRef = 7FD057AE62E718CEB4D3D19C /* NutritionChartAxisMetrics.swift */; };
		BFD52924F6A36C7A70B8DA23 /* HevyAPIService.swift in Sources */ = {isa = PBXBuildFile; fileRef = 23EEEAB0008B3C57C86EFEBD /* HevyAPIService.swift */; };
		C166BFE11F8F51019A1647EA /* NutritionComputer.swift in Sources */ = {isa = PBXBuildFile; fileRef = 853698B2F108F0F07D882E6C /* NutritionComputer.swift */; };
		A1B2C3D41E5F60718293A513 /* HealthCoachSmokeTests.swift in Sources */ = {isa = PBXBuildFile; fileRef = A1B2C3D41E5F60718293A512 /* HealthCoachSmokeTests.swift */; };
		C5A192D7D8EE354EC3267643 /* SettingsView.swift in Sources */ = {isa = PBXBuildFile; fileRef = 4B6DAB9679E02DA2696F5236 /* SettingsView.swift */; };
		CA1187AACD8B4471BB5B5F85 /* HealthRecord.swift in Sources */ = {isa = PBXBuildFile; fileRef = 159BB8AF025C2EE1ECB05130 /* HealthRecord.swift */; };
		D3875769940B0B9501433C86 /* KeychainService.swift in Sources */ = {isa = PBXBuildFile; fileRef = 79BF9683A1AF4F1FF6410CD1 /* KeychainService.swift */; };
		D82B89493812F861D687E122 /* NutritionView.swift in Sources */ = {isa = PBXBuildFile; fileRef = 08DE7BED8A76C27CB47B527E /* NutritionView.swift */; };
		E1D289E5AECB5150B271D9BF /* WeeklyLossRateChart.swift in Sources */ = {isa = PBXBuildFile; fileRef = BFE66C147B2A76DA3519A48C /* WeeklyLossRateChart.swift */; };
		F0CB5B57B2FAC5468E64A459 /* NutritionEntry.swift in Sources */ = {isa = PBXBuildFile; fileRef = 96C679681E5D5084567E6DA3 /* NutritionEntry.swift */; };
		F375A6F356B27045977197C2 /* MarkdownUI in Frameworks */ = {isa = PBXBuildFile; productRef = FD89414D72725D98E9A53279 /* MarkdownUI */; };
		FEAFE03B6B227B2DE3E8910F /* DailyCaloriesMacrosChart.swift in Sources */ = {isa = PBXBuildFile; fileRef = D6C3770FABA7246E15715909 /* DailyCaloriesMacrosChart.swift */; };
/* End PBXBuildFile section */

/* Begin PBXFileReference section */
		08DE7BED8A76C27CB47B527E /* NutritionView.swift */ = {isa = PBXFileReference; lastKnownFileType = sourcecode.swift; path = NutritionView.swift; sourceTree = "<group>"; };
		09B425B812F96172135C2025 /* NutritionKPIGrid.swift */ = {isa = PBXFileReference; lastKnownFileType = sourcecode.swift; path = NutritionKPIGrid.swift; sourceTree = "<group>"; };
		0E28340114CBA42F62AC2036 /* StatCard.swift */ = {isa = PBXFileReference; lastKnownFileType = sourcecode.swift; path = StatCard.swift; sourceTree = "<group>"; };
		651B9032E1CD466584241743 /* LoadingView.swift */ = {isa = PBXFileReference; lastKnownFileType = sourcecode.swift; path = LoadingView.swift; sourceTree = "<group>"; };
		117B2748DF7E84E162D871DC /* WeightTrendsChart.swift */ = {isa = PBXFileReference; lastKnownFileType = sourcecode.swift; path = WeightTrendsChart.swift; sourceTree = "<group>"; };
		159BB8AF025C2EE1ECB05130 /* HealthRecord.swift */ = {isa = PBXFileReference; lastKnownFileType = sourcecode.swift; path = HealthRecord.swift; sourceTree = "<group>"; };
		23EEEAB0008B3C57C86EFEBD /* HevyAPIService.swift */ = {isa = PBXFileReference; lastKnownFileType = sourcecode.swift; path = HevyAPIService.swift; sourceTree = "<group>"; };
		261173536B5889CD29ECF1BA /* NutritionConstants.swift */ = {isa = PBXFileReference; lastKnownFileType = sourcecode.swift; path = NutritionConstants.swift; sourceTree = "<group>"; };
		31C2077449C057989F19B6EF /* NutritionDescriptions.swift */ = {isa = PBXFileReference; lastKnownFileType = sourcecode.swift; path = NutritionDescriptions.swift; sourceTree = "<group>"; };
		36A831170CFCE5F988D71D52 /* ChartSection.swift */ = {isa = PBXFileReference; lastKnownFileType = sourcecode.swift; path = ChartSection.swift; sourceTree = "<group>"; };
		3F7FFF2A324934F284ED1661 /* NutritionSnapshot.swift */ = {isa = PBXFileReference; lastKnownFileType = sourcecode.swift; path = NutritionSnapshot.swift; sourceTree = "<group>"; };
		4B6DAB9679E02DA2696F5236 /* SettingsView.swift */ = {isa = PBXFileReference; lastKnownFileType = sourcecode.swift; path = SettingsView.swift; sourceTree = "<group>"; };
		4DC37B3E5BA040B22839E562 /* HealthKitService.swift */ = {isa = PBXFileReference; lastKnownFileType = sourcecode.swift; path = HealthKitService.swift; sourceTree = "<group>"; };
		57C3E31D21AAAF2ACE697E5C /* Workout.swift */ = {isa = PBXFileReference; lastKnownFileType = sourcecode.swift; path = Workout.swift; sourceTree = "<group>"; };
		5D316CCE23CCCA6DE67CD377 /* ChartSectionMarkdownTheme.swift */ = {isa = PBXFileReference; lastKnownFileType = sourcecode.swift; path = ChartSectionMarkdownTheme.swift; sourceTree = "<group>"; };
		66E2C019AE83783687CE2C07 /* HealthCoach.app */ = {isa = PBXFileReference; explicitFileType = wrapper.application; includeInIndex = 0; path = HealthCoach.app; sourceTree = BUILT_PRODUCTS_DIR; };
		A1B2C3D41E5F60718293A504 /* HealthCoachTests.xctest */ = {isa = PBXFileReference; explicitFileType = wrapper.cfbundle; includeInIndex = 0; path = HealthCoachTests.xctest; sourceTree = BUILT_PRODUCTS_DIR; };
		A1B2C3D41E5F60718293A512 /* HealthCoachSmokeTests.swift */ = {isa = PBXFileReference; lastKnownFileType = sourcecode.swift; path = HealthCoachSmokeTests.swift; sourceTree = "<group>"; };
		6CE65054968AC06A5480119E /* HealthCoachApp.swift */ = {isa = PBXFileReference; lastKnownFileType = sourcecode.swift; path = HealthCoachApp.swift; sourceTree = "<group>"; };
		6E1954EEE68E0C5535CEC538 /* NutritionChartDateAxisLabel.swift */ = {isa = PBXFileReference; lastKnownFileType = sourcecode.swift; path = NutritionChartDateAxisLabel.swift; sourceTree = "<group>"; };
		794AA663C1D747A4CBD1F1F8 /* UserProfile.swift */ = {isa = PBXFileReference; lastKnownFileType = sourcecode.swift; path = UserProfile.swift; sourceTree = "<group>"; };
		79BF9683A1AF4F1FF6410CD1 /* KeychainService.swift */ = {isa = PBXFileReference; lastKnownFileType = sourcecode.swift; path = KeychainService.swift; sourceTree = "<group>"; };
		7FD057AE62E718CEB4D3D19C /* NutritionChartAxisMetrics.swift */ = {isa = PBXFileReference; lastKnownFileType = sourcecode.swift; path = NutritionChartAxisMetrics.swift; sourceTree = "<group>"; };
		82FFFE891557D7354E0C7655 /* UserProfileStore.swift */ = {isa = PBXFileReference; lastKnownFileType = sourcecode.swift; path = UserProfileStore.swift; sourceTree = "<group>"; };
		853698B2F108F0F07D882E6C /* NutritionComputer.swift */ = {isa = PBXFileReference; lastKnownFileType = sourcecode.swift; path = NutritionComputer.swift; sourceTree = "<group>"; };
		8DB75C069519306B921C3F92 /* CalorieBalanceChart.swift */ = {isa = PBXFileReference; lastKnownFileType = sourcecode.swift; path = CalorieBalanceChart.swift; sourceTree = "<group>"; };
		8DE3A72383978029E7978A9C /* HealthRecordStore.swift */ = {isa = PBXFileReference; lastKnownFileType = sourcecode.swift; path = HealthRecordStore.swift; sourceTree = "<group>"; };
		90B1C0BDC29D1FC8C7968E54 /* WorkoutSet.swift */ = {isa = PBXFileReference; lastKnownFileType = sourcecode.swift; path = WorkoutSet.swift; sourceTree = "<group>"; };
		95DC41A28CD5981E4104EECB /* HealthCoach.entitlements */ = {isa = PBXFileReference; lastKnownFileType = text.plist.entitlements; path = HealthCoach.entitlements; sourceTree = "<group>"; };
		96C679681E5D5084567E6DA3 /* NutritionEntry.swift */ = {isa = PBXFileReference; lastKnownFileType = sourcecode.swift; path = NutritionEntry.swift; sourceTree = "<group>"; };
		A59963832199692B6715D3DA /* TrainingVolumeTargetsView.swift */ = {isa = PBXFileReference; lastKnownFileType = sourcecode.swift; path = TrainingVolumeTargetsView.swift; sourceTree = "<group>"; };
		A9913FDE3DBD846B7B2FB2DB /* DashboardView.swift */ = {isa = PBXFileReference; lastKnownFileType = sourcecode.swift; path = DashboardView.swift; sourceTree = "<group>"; };
		B44098546A0278A074F950A8 /* PersonalSettingsView.swift */ = {isa = PBXFileReference; lastKnownFileType = sourcecode.swift; path = PersonalSettingsView.swift; sourceTree = "<group>"; };
		BF8E8CE6C8D71B4FD079F7F4 /* PreWorkoutChart.swift */ = {isa = PBXFileReference; lastKnownFileType = sourcecode.swift; path = PreWorkoutChart.swift; sourceTree = "<group>"; };
		BFE66C147B2A76DA3519A48C /* WeeklyLossRateChart.swift */ = {isa = PBXFileReference; lastKnownFileType = sourcecode.swift; path = WeeklyLossRateChart.swift; sourceTree = "<group>"; };
		C890FF1E3E29294AF1127708 /* MacroTargetBars.swift */ = {isa = PBXFileReference; lastKnownFileType = sourcecode.swift; path = MacroTargetBars.swift; sourceTree = "<group>"; };
		D6C3770FABA7246E15715909 /* DailyCaloriesMacrosChart.swift */ = {isa = PBXFileReference; lastKnownFileType = sourcecode.swift; path = DailyCaloriesMacrosChart.swift; sourceTree = "<group>"; };
		DDBADB380EABF1E2C8BB7B4A /* SyncService.swift */ = {isa = PBXFileReference; lastKnownFileType = sourcecode.swift; path = SyncService.swift; sourceTree = "<group>"; };
		DE4B7FE49D66FBD40C24E5A5 /* PostWorkoutChart.swift */ = {isa = PBXFileReference; lastKnownFileType = sourcecode.swift; path = PostWorkoutChart.swift; sourceTree = "<group>"; };
		ED4CFCDE98A349DCC343CBF3 /* NutritionPreferencesView.swift */ = {isa = PBXFileReference; lastKnownFileType = sourcecode.swift; path = NutritionPreferencesView.swift; sourceTree = "<group>"; };
		EE8DBD7995D793ABE2CCEF34 /* ExerciseTemplate.swift */ = {isa = PBXFileReference; lastKnownFileType = sourcecode.swift; path = ExerciseTemplate.swift; sourceTree = "<group>"; };
/* End PBXFileReference section */

/* Begin PBXFrameworksBuildPhase section */
		C48B38B48D8850A1E3C77351 /* Frameworks */ = {
			isa = PBXFrameworksBuildPhase;
			buildActionMask = 2147483647;
			files = (
				069151337FFE226C28F11F9B /* GRDB in Frameworks */,
				F375A6F356B27045977197C2 /* MarkdownUI in Frameworks */,
			);
			runOnlyForDeploymentPostprocessing = 0;
		};
/* End PBXFrameworksBuildPhase section */

/* Begin PBXGroup section */
		3ACB324DE4CC0DFE391F3D2E /* Models */ = {
			isa = PBXGroup;
			children = (
				EE8DBD7995D793ABE2CCEF34 /* ExerciseTemplate.swift */,
				159BB8AF025C2EE1ECB05130 /* HealthRecord.swift */,
				261173536B5889CD29ECF1BA /* NutritionConstants.swift */,
				31C2077449C057989F19B6EF /* NutritionDescriptions.swift */,
				96C679681E5D5084567E6DA3 /* NutritionEntry.swift */,
				3F7FFF2A324934F284ED1661 /* NutritionSnapshot.swift */,
				794AA663C1D747A4CBD1F1F8 /* UserProfile.swift */,
				57C3E31D21AAAF2ACE697E5C /* Workout.swift */,
				90B1C0BDC29D1FC8C7968E54 /* WorkoutSet.swift */,
			);
			path = Models;
			sourceTree = "<group>";
		};
		47243C3ACA7D8334D40E8CE7 /* HealthCoach */ = {
			isa = PBXGroup;
			children = (
				95DC41A28CD5981E4104EECB /* HealthCoach.entitlements */,
				6CE65054968AC06A5480119E /* HealthCoachApp.swift */,
				3ACB324DE4CC0DFE391F3D2E /* Models */,
				F713030F1164B17194BC25FE /* Services */,
				BC2178B91447497111335E33 /* Views */,
			);
			path = HealthCoach;
			sourceTree = "<group>";
		};
		984E4CBA39CC6DA36504DCC4 /* Components */ = {
			isa = PBXGroup;
			children = (
				0E28340114CBA42F62AC2036 /* StatCard.swift */,
				651B9032E1CD466584241743 /* LoadingView.swift */,
			);
			path = Components;
			sourceTree = "<group>";
		};
		B9976235E442694C158A7867 /* Nutrition */ = {
			isa = PBXGroup;
			children = (
				8DB75C069519306B921C3F92 /* CalorieBalanceChart.swift */,
				36A831170CFCE5F988D71D52 /* ChartSection.swift */,
				5D316CCE23CCCA6DE67CD377 /* ChartSectionMarkdownTheme.swift */,
				D6C3770FABA7246E15715909 /* DailyCaloriesMacrosChart.swift */,
				C890FF1E3E29294AF1127708 /* MacroTargetBars.swift */,
				7FD057AE62E718CEB4D3D19C /* NutritionChartAxisMetrics.swift */,
				6E1954EEE68E0C5535CEC538 /* NutritionChartDateAxisLabel.swift */,
				09B425B812F96172135C2025 /* NutritionKPIGrid.swift */,
				08DE7BED8A76C27CB47B527E /* NutritionView.swift */,
				DE4B7FE49D66FBD40C24E5A5 /* PostWorkoutChart.swift */,
				BF8E8CE6C8D71B4FD079F7F4 /* PreWorkoutChart.swift */,
				BFE66C147B2A76DA3519A48C /* WeeklyLossRateChart.swift */,
				117B2748DF7E84E162D871DC /* WeightTrendsChart.swift */,
			);
			path = Nutrition;
			sourceTree = "<group>";
		};
		BC2178B91447497111335E33 /* Views */ = {
			isa = PBXGroup;
			children = (
				A9913FDE3DBD846B7B2FB2DB /* DashboardView.swift */,
				ED4CFCDE98A349DCC343CBF3 /* NutritionPreferencesView.swift */,
				B44098546A0278A074F950A8 /* PersonalSettingsView.swift */,
				4B6DAB9679E02DA2696F5236 /* SettingsView.swift */,
				A59963832199692B6715D3DA /* TrainingVolumeTargetsView.swift */,
				984E4CBA39CC6DA36504DCC4 /* Components */,
				B9976235E442694C158A7867 /* Nutrition */,
			);
			path = Views;
			sourceTree = "<group>";
		};
		A1B2C3D41E5F60718293A514 /* HealthCoachTests */ = {
			isa = PBXGroup;
			children = (
				A1B2C3D41E5F60718293A512 /* HealthCoachSmokeTests.swift */,
			);
			path = HealthCoachTests;
			sourceTree = "<group>";
		};
		BF74AF76B840F4F48BCE1AAB = {
			isa = PBXGroup;
			children = (
				47243C3ACA7D8334D40E8CE7 /* HealthCoach */,
				A1B2C3D41E5F60718293A514 /* HealthCoachTests */,
				E38F12F881A032DC3F28C418 /* Products */,
			);
			sourceTree = "<group>";
		};
		E38F12F881A032DC3F28C418 /* Products */ = {
			isa = PBXGroup;
			children = (
				66E2C019AE83783687CE2C07 /* HealthCoach.app */,
				A1B2C3D41E5F60718293A504 /* HealthCoachTests.xctest */,
			);
			name = Products;
			sourceTree = "<group>";
		};
		F713030F1164B17194BC25FE /* Services */ = {
			isa = PBXGroup;
			children = (
				4DC37B3E5BA040B22839E562 /* HealthKitService.swift */,
				8DE3A72383978029E7978A9C /* HealthRecordStore.swift */,
				23EEEAB0008B3C57C86EFEBD /* HevyAPIService.swift */,
				79BF9683A1AF4F1FF6410CD1 /* KeychainService.swift */,
				853698B2F108F0F07D882E6C /* NutritionComputer.swift */,
				DDBADB380EABF1E2C8BB7B4A /* SyncService.swift */,
				82FFFE891557D7354E0C7655 /* UserProfileStore.swift */,
			);
			path = Services;
			sourceTree = "<group>";
		};
/* End PBXGroup section */

/* Begin PBXNativeTarget section */
		358CC4769499298167090B61 /* HealthCoach */ = {
			isa = PBXNativeTarget;
			buildConfigurationList = 65BA7A24DAAC901ED4BCE560 /* Build configuration list for PBXNativeTarget "HealthCoach" */;
			buildPhases = (
				C79E7DD774798E3484C04957 /* Sources */,
				C48B38B48D8850A1E3C77351 /* Frameworks */,
			);
			buildRules = (
			);
			dependencies = (
			);
			name = HealthCoach;
			packageProductDependencies = (
				27E34DAA506E338FF9F94FEC /* GRDB */,
				FD89414D72725D98E9A53279 /* MarkdownUI */,
			);
			productName = HealthCoach;
			productReference = 66E2C019AE83783687CE2C07 /* HealthCoach.app */;
			productType = "com.apple.product-type.application";
		};
		A1B2C3D41E5F60718293A503 /* HealthCoachTests */ = {
			isa = PBXNativeTarget;
			buildConfigurationList = A1B2C3D41E5F60718293A507 /* Build configuration list for PBXNativeTarget "HealthCoachTests" */;
			buildPhases = (
				A1B2C3D41E5F60718293A505 /* Sources */,
				A1B2C3D41E5F60718293A506 /* Frameworks */,
			);
			buildRules = (
			);
			dependencies = (
				A1B2C3D41E5F60718293A502 /* PBXTargetDependency */,
			);
			name = HealthCoachTests;
			packageProductDependencies = (
			);
			productName = HealthCoachTests;
			productReference = A1B2C3D41E5F60718293A504 /* HealthCoachTests.xctest */;
			productType = "com.apple.product-type.bundle.unit-test";
		};
/* End PBXNativeTarget section */

/* Begin PBXContainerItemProxy section */
		A1B2C3D41E5F60718293A501 /* PBXContainerItemProxy */ = {
			isa = PBXContainerItemProxy;
			containerPortal = 740E8DFCEA848870C9D4EA0E /* Project object */;
			proxyType = 1;
			remoteGlobalIDString = 358CC4769499298167090B61;
			remoteInfo = HealthCoach;
		};
/* End PBXContainerItemProxy section */

/* Begin PBXTargetDependency section */
		A1B2C3D41E5F60718293A502 /* PBXTargetDependency */ = {
			isa = PBXTargetDependency;
			target = 358CC4769499298167090B61 /* HealthCoach */;
			targetProxy = A1B2C3D41E5F60718293A501 /* PBXContainerItemProxy */;
		};
/* End PBXTargetDependency section */

/* Begin PBXProject section */
		740E8DFCEA848870C9D4EA0E /* Project object */ = {
			isa = PBXProject;
			attributes = {
				BuildIndependentTargetsInParallel = YES;
				LastUpgradeCheck = 1500;
			};
			buildConfigurationList = E4ECD90DE2308ABC26E591A5 /* Build configuration list for PBXProject "HealthCoach" */;
			developmentRegion = en;
			hasScannedForEncodings = 0;
			knownRegions = (
				Base,
				en,
			);
			mainGroup = BF74AF76B840F4F48BCE1AAB;
			minimizedProjectReferenceProxies = 1;
			packageReferences = (
				B0E2C76EDB893FA73921A90A /* XCRemoteSwiftPackageReference "GRDB" */,
				EAD4A9C799CB6C3EB18C08BA /* XCRemoteSwiftPackageReference "MarkdownUI" */,
			);
			preferredProjectObjectVersion = 77;
			productRefGroup = E38F12F881A032DC3F28C418 /* Products */;
			projectDirPath = "";
			projectRoot = "";
			targets = (
				358CC4769499298167090B61 /* HealthCoach */,
				A1B2C3D41E5F60718293A503 /* HealthCoachTests */,
			);
		};
/* End PBXProject section */

/* Begin PBXSourcesBuildPhase section */
		C79E7DD774798E3484C04957 /* Sources */ = {
			isa = PBXSourcesBuildPhase;
			buildActionMask = 2147483647;
			files = (
				632ACAC9731EB421D0D19EA0 /* CalorieBalanceChart.swift in Sources */,
				1D72F456BC4AB81A4E57DFA9 /* ChartSection.swift in Sources */,
				757B3D40D777DCB0F20E4D96 /* ChartSectionMarkdownTheme.swift in Sources */,
				FEAFE03B6B227B2DE3E8910F /* DailyCaloriesMacrosChart.swift in Sources */,
				44544795CBC544966A279A4D /* DashboardView.swift in Sources */,
				6F44F2BE1228DD4073BEA093 /* ExerciseTemplate.swift in Sources */,
				4AE6DF1B7C3690C6C0F7362B /* HealthCoachApp.swift in Sources */,
				34EE46D9A56F50CA9162CF32 /* HealthKitService.swift in Sources */,
				CA1187AACD8B4471BB5B5F85 /* HealthRecord.swift in Sources */,
				390F99B234AF887BEF397DCC /* HealthRecordStore.swift in Sources */,
				BFD52924F6A36C7A70B8DA23 /* HevyAPIService.swift in Sources */,
				D3875769940B0B9501433C86 /* KeychainService.swift in Sources */,
				1DED2FDF6D50FB1AE904FAF7 /* MacroTargetBars.swift in Sources */,
				B65DAF9DAAD427C6CEF0031F /* NutritionChartAxisMetrics.swift in Sources */,
				60C465019E31D74F1E984BB4 /* NutritionChartDateAxisLabel.swift in Sources */,
				C166BFE11F8F51019A1647EA /* NutritionComputer.swift in Sources */,
				6ADA06AAAF79C8DA7395ABB1 /* NutritionConstants.swift in Sources */,
				A07683FB6AE5A7EA3908BDBF /* NutritionDescriptions.swift in Sources */,
				F0CB5B57B2FAC5468E64A459 /* NutritionEntry.swift in Sources */,
				898A43DFCFCF613AF22F2417 /* NutritionKPIGrid.swift in Sources */,
				6E5BFD94A216EA3F8B132D7C /* NutritionPreferencesView.swift in Sources */,
				58D3A421E67C734BB7263DE9 /* NutritionSnapshot.swift in Sources */,
				D82B89493812F861D687E122 /* NutritionView.swift in Sources */,
				A37E055CDB873772F3D2538D /* PersonalSettingsView.swift in Sources */,
				335268A22271CA5F87AFC9FC /* PostWorkoutChart.swift in Sources */,
				67E0B675C11AFCF678A41B1B /* PreWorkoutChart.swift in Sources */,
				C5A192D7D8EE354EC3267643 /* SettingsView.swift in Sources */,
				0AEFC842C04D908AD983F923 /* StatCard.swift in Sources */,
				D365519AE77B45D28E78EB27 /* LoadingView.swift in Sources */,
				2F9EC40997F9C70B7F5F2B3C /* SyncService.swift in Sources */,
				7B44D572738FCA1A7B73CA92 /* TrainingVolumeTargetsView.swift in Sources */,
				0E4DC056C6AEACD3661A2CEB /* UserProfile.swift in Sources */,
				3EE44748ACD0B4DDCF7A3E5F /* UserProfileStore.swift in Sources */,
				E1D289E5AECB5150B271D9BF /* WeeklyLossRateChart.swift in Sources */,
				8DD3CF3F733D663B34C73E13 /* WeightTrendsChart.swift in Sources */,
				5EABD1A6B02137423F8B4D78 /* Workout.swift in Sources */,
				B47C19BFF5EB4B66FB39236F /* WorkoutSet.swift in Sources */,
			);
			runOnlyForDeploymentPostprocessing = 0;
		};
/* End PBXSourcesBuildPhase section */

/* Begin PBXSourcesBuildPhase section */
		A1B2C3D41E5F60718293A505 /* Sources */ = {
			isa = PBXSourcesBuildPhase;
			buildActionMask = 2147483647;
			files = (
				A1B2C3D41E5F60718293A513 /* HealthCoachSmokeTests.swift in Sources */,
			);
			runOnlyForDeploymentPostprocessing = 0;
		};
/* End PBXSourcesBuildPhase section */

/* Begin PBXFrameworksBuildPhase section */
		A1B2C3D41E5F60718293A506 /* Frameworks */ = {
			isa = PBXFrameworksBuildPhase;
			buildActionMask = 2147483647;
			files = (
			);
			runOnlyForDeploymentPostprocessing = 0;
		};
/* End PBXFrameworksBuildPhase section */

/* Begin XCBuildConfiguration section */
		991A9305F0ABEF6E39EA7AEF /* Debug */ = {
			isa = XCBuildConfiguration;
			buildSettings = {
				ASSETCATALOG_COMPILER_APPICON_NAME = AppIcon;
				CODE_SIGN_ENTITLEMENTS = HealthCoach/HealthCoach.entitlements;
				CODE_SIGN_IDENTITY = "iPhone Developer";
				CURRENT_PROJECT_VERSION = 1;
				DEVELOPMENT_TEAM = ZWPZLDH228;
				GENERATE_INFOPLIST_FILE = YES;
				INFOPLIST_KEY_NSHealthShareUsageDescription = "HealthCoach reads your health data to display nutrition, activity, heart, and body metrics on your personal dashboard.";
				INFOPLIST_KEY_UIApplicationSceneManifest_Generation = YES;
				INFOPLIST_KEY_UILaunchScreen_Generation = YES;
				INFOPLIST_KEY_UISupportedInterfaceOrientations_iPad = "UIInterfaceOrientationPortrait UIInterfaceOrientationPortraitUpsideDown UIInterfaceOrientationLandscapeLeft UIInterfaceOrientationLandscapeRight";
				INFOPLIST_KEY_UISupportedInterfaceOrientations_iPhone = "UIInterfaceOrientationPortrait UIInterfaceOrientationLandscapeLeft UIInterfaceOrientationLandscapeRight";
				LD_RUNPATH_SEARCH_PATHS = (
					"$(inherited)",
					"@executable_path/Frameworks",
				);
				MARKETING_VERSION = 1.0.0;
				PRODUCT_BUNDLE_IDENTIFIER = com.jannik.healthcoach;
				SDKROOT = iphoneos;
				SWIFT_VERSION = 5.9;
				TARGETED_DEVICE_FAMILY = "1,2";
			};
			name = Debug;
		};
		A9DA98AC416CD4069716AA94 /* Release */ = {
			isa = XCBuildConfiguration;
			buildSettings = {
				ASSETCATALOG_COMPILER_APPICON_NAME = AppIcon;
				CODE_SIGN_ENTITLEMENTS = HealthCoach/HealthCoach.entitlements;
				CODE_SIGN_IDENTITY = "iPhone Developer";
				CURRENT_PROJECT_VERSION = 1;
				DEVELOPMENT_TEAM = ZWPZLDH228;
				GENERATE_INFOPLIST_FILE = YES;
				INFOPLIST_KEY_NSHealthShareUsageDescription = "HealthCoach reads your health data to display nutrition, activity, heart, and body metrics on your personal dashboard.";
				INFOPLIST_KEY_UIApplicationSceneManifest_Generation = YES;
				INFOPLIST_KEY_UILaunchScreen_Generation = YES;
				INFOPLIST_KEY_UISupportedInterfaceOrientations_iPad = "UIInterfaceOrientationPortrait UIInterfaceOrientationPortraitUpsideDown UIInterfaceOrientationLandscapeLeft UIInterfaceOrientationLandscapeRight";
				INFOPLIST_KEY_UISupportedInterfaceOrientations_iPhone = "UIInterfaceOrientationPortrait UIInterfaceOrientationLandscapeLeft UIInterfaceOrientationLandscapeRight";
				LD_RUNPATH_SEARCH_PATHS = (
					"$(inherited)",
					"@executable_path/Frameworks",
				);
				MARKETING_VERSION = 1.0.0;
				PRODUCT_BUNDLE_IDENTIFIER = com.jannik.healthcoach;
				SDKROOT = iphoneos;
				SWIFT_VERSION = 5.9;
				TARGETED_DEVICE_FAMILY = "1,2";
			};
			name = Release;
		};
		C31BE2D00D66584B2B11FFD7 /* Release */ = {
			isa = XCBuildConfiguration;
			buildSettings = {
				ALWAYS_SEARCH_USER_PATHS = NO;
				CLANG_ANALYZER_NONNULL = YES;
				CLANG_ANALYZER_NUMBER_OBJECT_CONVERSION = YES_AGGRESSIVE;
				CLANG_CXX_LANGUAGE_STANDARD = "gnu++14";
				CLANG_CXX_LIBRARY = "libc++";
				CLANG_ENABLE_MODULES = YES;
				CLANG_ENABLE_OBJC_ARC = YES;
				CLANG_ENABLE_OBJC_WEAK = YES;
				CLANG_WARN_BLOCK_CAPTURE_AUTORELEASING = YES;
				CLANG_WARN_BOOL_CONVERSION = YES;
				CLANG_WARN_COMMA = YES;
				CLANG_WARN_CONSTANT_CONVERSION = YES;
				CLANG_WARN_DEPRECATED_OBJC_IMPLEMENTATIONS = YES;
				CLANG_WARN_DIRECT_OBJC_ISA_USAGE = YES_ERROR;
				CLANG_WARN_DOCUMENTATION_COMMENTS = YES;
				CLANG_WARN_EMPTY_BODY = YES;
				CLANG_WARN_ENUM_CONVERSION = YES;
				CLANG_WARN_INFINITE_RECURSION = YES;
				CLANG_WARN_INT_CONVERSION = YES;
				CLANG_WARN_NON_LITERAL_NULL_CONVERSION = YES;
				CLANG_WARN_OBJC_IMPLICIT_RETAIN_SELF = YES;
				CLANG_WARN_OBJC_LITERAL_CONVERSION = YES;
				CLANG_WARN_OBJC_ROOT_CLASS = YES_ERROR;
				CLANG_WARN_QUOTED_INCLUDE_IN_FRAMEWORK_HEADER = YES;
				CLANG_WARN_RANGE_LOOP_ANALYSIS = YES;
				CLANG_WARN_STRICT_PROTOTYPES = YES;
				CLANG_WARN_SUSPICIOUS_MOVE = YES;
				CLANG_WARN_UNGUARDED_AVAILABILITY = YES_AGGRESSIVE;
				CLANG_WARN_UNREACHABLE_CODE = YES;
				CLANG_WARN__DUPLICATE_METHOD_MATCH = YES;
				COPY_PHASE_STRIP = NO;
				DEBUG_INFORMATION_FORMAT = "dwarf-with-dsym";
				ENABLE_NS_ASSERTIONS = NO;
				ENABLE_STRICT_OBJC_MSGSEND = YES;
				GCC_C_LANGUAGE_STANDARD = gnu11;
				GCC_NO_COMMON_BLOCKS = YES;
				GCC_WARN_64_TO_32_BIT_CONVERSION = YES;
				GCC_WARN_ABOUT_RETURN_TYPE = YES_ERROR;
				GCC_WARN_UNDECLARED_SELECTOR = YES;
				GCC_WARN_UNINITIALIZED_AUTOS = YES_AGGRESSIVE;
				GCC_WARN_UNUSED_FUNCTION = YES;
				GCC_WARN_UNUSED_VARIABLE = YES;
				IPHONEOS_DEPLOYMENT_TARGET = 17.0;
				MTL_ENABLE_DEBUG_INFO = NO;
				MTL_FAST_MATH = YES;
				PRODUCT_NAME = "$(TARGET_NAME)";
				SDKROOT = iphoneos;
				SWIFT_COMPILATION_MODE = wholemodule;
				SWIFT_OPTIMIZATION_LEVEL = "-O";
				SWIFT_VERSION = 5.0;
			};
			name = Release;
		};
		D640D8202CABF70E68BFE958 /* Debug */ = {
			isa = XCBuildConfiguration;
			buildSettings = {
				ALWAYS_SEARCH_USER_PATHS = NO;
				CLANG_ANALYZER_NONNULL = YES;
				CLANG_ANALYZER_NUMBER_OBJECT_CONVERSION = YES_AGGRESSIVE;
				CLANG_CXX_LANGUAGE_STANDARD = "gnu++14";
				CLANG_CXX_LIBRARY = "libc++";
				CLANG_ENABLE_MODULES = YES;
				CLANG_ENABLE_OBJC_ARC = YES;
				CLANG_ENABLE_OBJC_WEAK = YES;
				CLANG_WARN_BLOCK_CAPTURE_AUTORELEASING = YES;
				CLANG_WARN_BOOL_CONVERSION = YES;
				CLANG_WARN_COMMA = YES;
				CLANG_WARN_CONSTANT_CONVERSION = YES;
				CLANG_WARN_DEPRECATED_OBJC_IMPLEMENTATIONS = YES;
				CLANG_WARN_DIRECT_OBJC_ISA_USAGE = YES_ERROR;
				CLANG_WARN_DOCUMENTATION_COMMENTS = YES;
				CLANG_WARN_EMPTY_BODY = YES;
				CLANG_WARN_ENUM_CONVERSION = YES;
				CLANG_WARN_INFINITE_RECURSION = YES;
				CLANG_WARN_INT_CONVERSION = YES;
				CLANG_WARN_NON_LITERAL_NULL_CONVERSION = YES;
				CLANG_WARN_OBJC_IMPLICIT_RETAIN_SELF = YES;
				CLANG_WARN_OBJC_LITERAL_CONVERSION = YES;
				CLANG_WARN_OBJC_ROOT_CLASS = YES_ERROR;
				CLANG_WARN_QUOTED_INCLUDE_IN_FRAMEWORK_HEADER = YES;
				CLANG_WARN_RANGE_LOOP_ANALYSIS = YES;
				CLANG_WARN_STRICT_PROTOTYPES = YES;
				CLANG_WARN_SUSPICIOUS_MOVE = YES;
				CLANG_WARN_UNGUARDED_AVAILABILITY = YES_AGGRESSIVE;
				CLANG_WARN_UNREACHABLE_CODE = YES;
				CLANG_WARN__DUPLICATE_METHOD_MATCH = YES;
				COPY_PHASE_STRIP = NO;
				DEBUG_INFORMATION_FORMAT = dwarf;
				ENABLE_STRICT_OBJC_MSGSEND = YES;
				ENABLE_TESTABILITY = YES;
				GCC_C_LANGUAGE_STANDARD = gnu11;
				GCC_DYNAMIC_NO_PIC = NO;
				GCC_NO_COMMON_BLOCKS = YES;
				GCC_OPTIMIZATION_LEVEL = 0;
				GCC_PREPROCESSOR_DEFINITIONS = (
					"$(inherited)",
					"DEBUG=1",
				);
				GCC_WARN_64_TO_32_BIT_CONVERSION = YES;
				GCC_WARN_ABOUT_RETURN_TYPE = YES_ERROR;
				GCC_WARN_UNDECLARED_SELECTOR = YES;
				GCC_WARN_UNINITIALIZED_AUTOS = YES_AGGRESSIVE;
				GCC_WARN_UNUSED_FUNCTION = YES;
				GCC_WARN_UNUSED_VARIABLE = YES;
				IPHONEOS_DEPLOYMENT_TARGET = 17.0;
				MTL_ENABLE_DEBUG_INFO = INCLUDE_SOURCE;
				MTL_FAST_MATH = YES;
				ONLY_ACTIVE_ARCH = YES;
				PRODUCT_NAME = "$(TARGET_NAME)";
				SDKROOT = iphoneos;
				SWIFT_ACTIVE_COMPILATION_CONDITIONS = DEBUG;
				SWIFT_OPTIMIZATION_LEVEL = "-Onone";
				SWIFT_VERSION = 5.0;
			};
			name = Debug;
		};
		A1B2C3D41E5F60718293A508 /* Debug */ = {
			isa = XCBuildConfiguration;
			buildSettings = {
				BUNDLE_LOADER = "$(TEST_HOST)";
				CODE_SIGN_STYLE = Automatic;
				CURRENT_PROJECT_VERSION = 1;
				DEVELOPMENT_TEAM = ZWPZLDH228;
				GENERATE_INFOPLIST_FILE = YES;
				IPHONEOS_DEPLOYMENT_TARGET = 17.0;
				LD_RUNPATH_SEARCH_PATHS = (
					"$(inherited)",
					"@executable_path/Frameworks",
					"@loader_path/Frameworks",
				);
				MARKETING_VERSION = 1.0.0;
				PRODUCT_BUNDLE_IDENTIFIER = com.jannik.healthcoach.HealthCoachTests;
				PRODUCT_NAME = "$(TARGET_NAME)";
				SDKROOT = iphoneos;
				SUPPORTED_PLATFORMS = "iphoneos iphonesimulator";
				SWIFT_EMIT_LOC_STRINGS = NO;
				SWIFT_VERSION = 5.9;
				TARGETED_DEVICE_FAMILY = "1,2";
				TEST_HOST = "$(BUILT_PRODUCTS_DIR)/HealthCoach.app/HealthCoach";
			};
			name = Debug;
		};
		A1B2C3D41E5F60718293A509 /* Release */ = {
			isa = XCBuildConfiguration;
			buildSettings = {
				BUNDLE_LOADER = "$(TEST_HOST)";
				CODE_SIGN_STYLE = Automatic;
				CURRENT_PROJECT_VERSION = 1;
				DEVELOPMENT_TEAM = ZWPZLDH228;
				GENERATE_INFOPLIST_FILE = YES;
				IPHONEOS_DEPLOYMENT_TARGET = 17.0;
				LD_RUNPATH_SEARCH_PATHS = (
					"$(inherited)",
					"@executable_path/Frameworks",
					"@loader_path/Frameworks",
				);
				MARKETING_VERSION = 1.0.0;
				PRODUCT_BUNDLE_IDENTIFIER = com.jannik.healthcoach.HealthCoachTests;
				PRODUCT_NAME = "$(TARGET_NAME)";
				SDKROOT = iphoneos;
				SUPPORTED_PLATFORMS = "iphoneos iphonesimulator";
				SWIFT_EMIT_LOC_STRINGS = NO;
				SWIFT_VERSION = 5.9;
				TARGETED_DEVICE_FAMILY = "1,2";
				TEST_HOST = "$(BUILT_PRODUCTS_DIR)/HealthCoach.app/HealthCoach";
			};
			name = Release;
		};
/* End XCBuildConfiguration section */

/* Begin XCConfigurationList section */
		65BA7A24DAAC901ED4BCE560 /* Build configuration list for PBXNativeTarget "HealthCoach" */ = {
			isa = XCConfigurationList;
			buildConfigurations = (
				991A9305F0ABEF6E39EA7AEF /* Debug */,
				A9DA98AC416CD4069716AA94 /* Release */,
			);
			defaultConfigurationIsVisible = 0;
			defaultConfigurationName = Debug;
		};
		E4ECD90DE2308ABC26E591A5 /* Build configuration list for PBXProject "HealthCoach" */ = {
			isa = XCConfigurationList;
			buildConfigurations = (
				D640D8202CABF70E68BFE958 /* Debug */,
				C31BE2D00D66584B2B11FFD7 /* Release */,
			);
			defaultConfigurationIsVisible = 0;
			defaultConfigurationName = Debug;
		};
		A1B2C3D41E5F60718293A507 /* Build configuration list for PBXNativeTarget "HealthCoachTests" */ = {
			isa = XCConfigurationList;
			buildConfigurations = (
				A1B2C3D41E5F60718293A508 /* Debug */,
				A1B2C3D41E5F60718293A509 /* Release */,
			);
			defaultConfigurationIsVisible = 0;
			defaultConfigurationName = Debug;
		};
/* End XCConfigurationList section */

/* Begin XCRemoteSwiftPackageReference section */
		B0E2C76EDB893FA73921A90A /* XCRemoteSwiftPackageReference "GRDB" */ = {
			isa = XCRemoteSwiftPackageReference;
			repositoryURL = "https://github.com/groue/GRDB.swift";
			requirement = {
				kind = upToNextMajorVersion;
				minimumVersion = 7.0.0;
			};
		};
		EAD4A9C799CB6C3EB18C08BA /* XCRemoteSwiftPackageReference "MarkdownUI" */ = {
			isa = XCRemoteSwiftPackageReference;
			repositoryURL = "https://github.com/gonzalezreal/MarkdownUI";
			requirement = {
				kind = upToNextMajorVersion;
				minimumVersion = 2.4.1;
			};
		};
/* End XCRemoteSwiftPackageReference section */

/* Begin XCSwiftPackageProductDependency section */
		27E34DAA506E338FF9F94FEC /* GRDB */ = {
			isa = XCSwiftPackageProductDependency;
			package = B0E2C76EDB893FA73921A90A /* XCRemoteSwiftPackageReference "GRDB" */;
			productName = GRDB;
		};
		FD89414D72725D98E9A53279 /* MarkdownUI */ = {
			isa = XCSwiftPackageProductDependency;
			package = EAD4A9C799CB6C3EB18C08BA /* XCRemoteSwiftPackageReference "MarkdownUI" */;
			productName = MarkdownUI;
		};
/* End XCSwiftPackageProductDependency section */
	};
	rootObject = 740E8DFCEA848870C9D4EA0E /* Project object */;
}
